// !$*UTF8*$!
{
	archiveVersion = 1;
	classes = {
	};
	objectVersion = 77;
	objects = {

/* Begin PBXBuildFile section */
		F443251E2EBD62E800B89542 /* StatefulLlama3.2Instruct.mlpackage in Sources */ = {isa = PBXBuildFile; fileRef = F443251A2EBD62E800B89542 /* StatefulLlama3.2Instruct.mlpackage */; };
		F443251F2EBD62E800B89542 /* WhisperEncoder_whisper-tiny.mlpackage in Sources */ = {isa = PBXBuildFile; fileRef = F443251C2EBD62E800B89542 /* WhisperEncoder_whisper-tiny.mlpackage */; };
		F44325212EBD62E800B89542 /* WhisperDecoder_whisper-tiny.mlpackage in Sources */ = {isa = PBXBuildFile; fileRef = F443251B2EBD62E800B89542 /* WhisperDecoder_whisper-tiny.mlpackage */; };
		F44325242EBD62E800B89542 /* README.md in Resources */ = {isa = PBXBuildFile; fileRef = F44325192EBD62E800B89542 /* README.md */; };
		F44B061B2EAB53E2009EBECA /* Hub in Frameworks */ = {isa = PBXBuildFile; productRef = F44B061A2EAB53E2009EBECA /* Hub */; };
		F44B061D2EAB53E2009EBECA /* Tokenizers in Frameworks */ = {isa = PBXBuildFile; productRef = F44B061C2EAB53E2009EBECA /* Tokenizers */; };
		F44B061F2EAB53E2009EBECA /* Transformers in Frameworks */ = {isa = PBXBuildFile; productRef = F44B061E2EAB53E2009EBECA /* Transformers */; };
		F44B06222EAB53FA009EBECA /* Path in Frameworks */ = {isa = PBXBuildFile; productRef = F44B06212EAB53FA009EBECA /* Path */; };
		F4A879BB2EBDF6180019C091 /* ParakeetEncoder.mlpackage in Sources */ = {isa = PBXBuildFile; fileRef = F4A879B82EBDF6180019C091 /* ParakeetEncoder.mlpackage */; };
		F4A879BC2EBDF6180019C091 /* ParakeetJoiner.mlpackage in Sources */ = {isa = PBXBuildFile; fileRef = F4A879B92EBDF6180019C091 /* ParakeetJoiner.mlpackage */; };
		F4A879BD2EBDF6180019C091 /* ParakeetDecoder.mlpackage in Sources */ = {isa = PBXBuildFile; fileRef = F4A879B72EBDF6180019C091 /* ParakeetDecoder.mlpackage */; };
		F4A879BE2EBDF6180019C091 /* ParakeetPreprocessor.mlpackage in Sources */ = {isa = PBXBuildFile; fileRef = F4A879BA2EBDF6180019C091 /* ParakeetPreprocessor.mlpackage */; };
		F4A879C02EBDFD850019C091 /* metadata.json in Resources */ = {isa = PBXBuildFile; fileRef = F4A879BF2EBDFD850019C091 /* metadata.json */; };
/* End PBXBuildFile section */

/* Begin PBXFileReference section */
		F44325192EBD62E800B89542 /* README.md */ = {isa = PBXFileReference; lastKnownFileType = net.daringfireball.markdown; path = README.md; sourceTree = "<group>"; };
		F443251A2EBD62E800B89542 /* StatefulLlama3.2Instruct.mlpackage */ = {isa = PBXFileReference; lastKnownFileType = folder.mlpackage; path = StatefulLlama3.2Instruct.mlpackage; sourceTree = "<group>"; };
		F443251B2EBD62E800B89542 /* WhisperDecoder_whisper-tiny.mlpackage */ = {isa = PBXFileReference; lastKnownFileType = folder.mlpackage; path = "WhisperDecoder_whisper-tiny.mlpackage"; sourceTree = "<group>"; };
		F443251C2EBD62E800B89542 /* WhisperEncoder_whisper-tiny.mlpackage */ = {isa = PBXFileReference; lastKnownFileType = folder.mlpackage; path = "WhisperEncoder_whisper-tiny.mlpackage"; sourceTree = "<group>"; };
		F44B05DA2EAB51FE009EBECA /* ChatMeet.app */ = {isa = PBXFileReference; explicitFileType = wrapper.application; includeInIndex = 0; path = ChatMeet.app; sourceTree = BUILT_PRODUCTS_DIR; };
		F4A879B72EBDF6180019C091 /* ParakeetDecoder.mlpackage */ = {isa = PBXFileReference; lastKnownFileType = folder.mlpackage; name = ParakeetDecoder.mlpackage; path = /Users/jtu22/Documents/ParakeetTest/ParakeetDecoder.mlpackage; sourceTree = "<absolute>"; };
		F4A879B82EBDF6180019C091 /* ParakeetEncoder.mlpackage */ = {isa = PBXFileReference; lastKnownFileType = folder.mlpackage; name = ParakeetEncoder.mlpackage; path = /Users/jtu22/Documents/ParakeetTest/ParakeetEncoder.mlpackage; sourceTree = "<absolute>"; };
		F4A879B92EBDF6180019C091 /* ParakeetJoiner.mlpackage */ = {isa = PBXFileReference; lastKnownFileType = folder.mlpackage; name = ParakeetJoiner.mlpackage; path = /Users/jtu22/Documents/ParakeetTest/ParakeetJoiner.mlpackage; sourceTree = "<absolute>"; };
		F4A879BA2EBDF6180019C091 /* ParakeetPreprocessor.mlpackage */ = {isa = PBXFileReference; lastKnownFileType = folder.mlpackage; name = ParakeetPreprocessor.mlpackage; path = /Users/jtu22/Documents/ParakeetTest/ParakeetPreprocessor.mlpackage; sourceTree = "<absolute>"; };
		F4A879BF2EBDFD850019C091 /* metadata.json */ = {isa = PBXFileReference; lastKnownFileType = text.json; path = metadata.json; sourceTree = "<group>"; };
/* End PBXFileReference section */

/* Begin PBXFileSystemSynchronizedRootGroup section */
		F44B05DC2EAB51FE009EBECA /* ChatMeet */ = {
			isa = PBXFileSystemSynchronizedRootGroup;
			path = ChatMeet;
			sourceTree = "<group>";
		};
/* End PBXFileSystemSynchronizedRootGroup section */

/* Begin PBXFrameworksBuildPhase section */
		F44B05D72EAB51FE009EBECA /* Frameworks */ = {
			isa = PBXFrameworksBuildPhase;
			buildActionMask = 2147483647;
			files = (
				F44B061F2EAB53E2009EBECA /* Transformers in Frameworks */,
				F44B06222EAB53FA009EBECA /* Path in Frameworks */,
				F44B061D2EAB53E2009EBECA /* Tokenizers in Frameworks */,
				F44B061B2EAB53E2009EBECA /* Hub in Frameworks */,
			);
			runOnlyForDeploymentPostprocessing = 0;
		};
/* End PBXFrameworksBuildPhase section */

/* Begin PBXGroup section */
		F443251D2EBD62E800B89542 /* Models */ = {
			isa = PBXGroup;
			children = (
				F44325192EBD62E800B89542 /* README.md */,
				F443251A2EBD62E800B89542 /* StatefulLlama3.2Instruct.mlpackage */,
				F443251B2EBD62E800B89542 /* WhisperDecoder_whisper-tiny.mlpackage */,
				F443251C2EBD62E800B89542 /* WhisperEncoder_whisper-tiny.mlpackage */,
				F4A879B72EBDF6180019C091 /* ParakeetDecoder.mlpackage */,
				F4A879B82EBDF6180019C091 /* ParakeetEncoder.mlpackage */,
				F4A879B92EBDF6180019C091 /* ParakeetJoiner.mlpackage */,
				F4A879BA2EBDF6180019C091 /* ParakeetPreprocessor.mlpackage */,
				F4A879BF2EBDFD850019C091 /* metadata.json */,
			);
			path = Models;
			sourceTree = "<group>";
		};
		F44B05D12EAB51FE009EBECA = {
			isa = PBXGroup;
			children = (
				F443251D2EBD62E800B89542 /* Models */,
				F44B05DC2EAB51FE009EBECA /* ChatMeet */,
				F44B05DB2EAB51FE009EBECA /* Products */,
			);
			sourceTree = "<group>";
		};
		F44B05DB2EAB51FE009EBECA /* Products */ = {
			isa = PBXGroup;
			children = (
				F44B05DA2EAB51FE009EBECA /* ChatMeet.app */,
			);
			name = Products;
			sourceTree = "<group>";
		};
/* End PBXGroup section */

/* Begin PBXNativeTarget section */
		F44B05D92EAB51FE009EBECA /* ChatMeet */ = {
			isa = PBXNativeTarget;
			buildConfigurationList = F44B05E52EAB51FE009EBECA /* Build configuration list for PBXNativeTarget "ChatMeet" */;
			buildPhases = (
				F44B05D62EAB51FE009EBECA /* Sources */,
				F44B05D72EAB51FE009EBECA /* Frameworks */,
				F44B05D82EAB51FE009EBECA /* Resources */,
			);
			buildRules = (
			);
			dependencies = (
			);
			fileSystemSynchronizedGroups = (
				F44B05DC2EAB51FE009EBECA /* ChatMeet */,
			);
			name = ChatMeet;
			packageProductDependencies = (
				F44B061A2EAB53E2009EBECA /* Hub */,
				F44B061C2EAB53E2009EBECA /* Tokenizers */,
				F44B061E2EAB53E2009EBECA /* Transformers */,
				F44B06212EAB53FA009EBECA /* Path */,
			);
			productName = ChatMeet;
			productReference = F44B05DA2EAB51FE009EBECA /* ChatMeet.app */;
			productType = "com.apple.product-type.application";
		};
/* End PBXNativeTarget section */

/* Begin PBXProject section */
		F44B05D22EAB51FE009EBECA /* Project object */ = {
			isa = PBXProject;
			attributes = {
				BuildIndependentTargetsInParallel = 1;
				LastSwiftUpdateCheck = 2600;
				LastUpgradeCheck = 2600;
				TargetAttributes = {
					F44B05D92EAB51FE009EBECA = {
						CreatedOnToolsVersion = 26.0.1;
					};
				};
			};
			buildConfigurationList = F44B05D52EAB51FE009EBECA /* Build configuration list for PBXProject "ChatMeet" */;
			developmentRegion = en;
			hasScannedForEncodings = 0;
			knownRegions = (
				en,
				Base,
			);
			mainGroup = F44B05D12EAB51FE009EBECA;
			minimizedProjectReferenceProxies = 1;
			packageReferences = (
				F44B06192EAB53E2009EBECA /* XCRemoteSwiftPackageReference "swift-transformers" */,
				F44B06202EAB53FA009EBECA /* XCRemoteSwiftPackageReference "Path" */,
			);
			preferredProjectObjectVersion = 77;
			productRefGroup = F44B05DB2EAB51FE009EBECA /* Products */;
			projectDirPath = "";
			projectRoot = "";
			targets = (
				F44B05D92EAB51FE009EBECA /* ChatMeet */,
			);
		};
/* End PBXProject section */

/* Begin PBXResourcesBuildPhase section */
		F44B05D82EAB51FE009EBECA /* Resources */ = {
			isa = PBXResourcesBuildPhase;
			buildActionMask = 2147483647;
			files = (
				F44325242EBD62E800B89542 /* README.md in Resources */,
				F4A879C02EBDFD850019C091 /* metadata.json in Resources */,
			);
			runOnlyForDeploymentPostprocessing = 0;
		};
/* End PBXResourcesBuildPhase section */

/* Begin PBXSourcesBuildPhase section */
		F44B05D62EAB51FE009EBECA /* Sources */ = {
			isa = PBXSourcesBuildPhase;
			buildActionMask = 2147483647;
			files = (
				F443251E2EBD62E800B89542 /* StatefulLlama3.2Instruct.mlpackage in Sources */,
				F443251F2EBD62E800B89542 /* WhisperEncoder_whisper-tiny.mlpackage in Sources */,
				F4A879BB2EBDF6180019C091 /* ParakeetEncoder.mlpackage in Sources */,
				F4A879BC2EBDF6180019C091 /* ParakeetJoiner.mlpackage in Sources */,
				F4A879BD2EBDF6180019C091 /* ParakeetDecoder.mlpackage in Sources */,
				F4A879BE2EBDF6180019C091 /* ParakeetPreprocessor.mlpackage in Sources */,
				F44325212EBD62E800B89542 /* WhisperDecoder_whisper-tiny.mlpackage in Sources */,
			);
			runOnlyForDeploymentPostprocessing = 0;
		};
/* End PBXSourcesBuildPhase section */

/* Begin XCBuildConfiguration section */
		F44B05E32EAB51FE009EBECA /* Debug */ = {
			isa = XCBuildConfiguration;
			buildSettings = {
				ALWAYS_SEARCH_USER_PATHS = NO;
				ASSETCATALOG_COMPILER_GENERATE_SWIFT_ASSET_SYMBOL_EXTENSIONS = YES;
				CLANG_ANALYZER_NONNULL = YES;
				CLANG_ANALYZER_NUMBER_OBJECT_CONVERSION = YES_AGGRESSIVE;
				CLANG_CXX_LANGUAGE_STANDARD = "gnu++20";
				CLANG_ENABLE_MODULES = YES;
				CLANG_ENABLE_OBJC_ARC = YES;
				CLANG_ENABLE_OBJC_WEAK = YES;
				CLANG_WARN_BLOCK_CAPTURE_AUTORELEASING = YES;
				CLANG_WARN_BOOL_CONVERSION = YES;
				CLANG_WARN_COMMA = YES;
				CLANG_WARN_CONSTANT_CONVERSION = YES;
				CLANG_WARN_DEPRECATED_OBJC_IMPLEMENTATIONS = YES;
				CLANG_WARN_DIRECT_OBJC_ISA_USAGE = YES_ERROR;
				CLANG_WARN_DOCUMENTATION_COMMENTS = YES;
				CLANG_WARN_EMPTY_BODY = YES;
				CLANG_WARN_ENUM_CONVERSION = YES;
				CLANG_WARN_INFINITE_RECURSION = YES;
				CLANG_WARN_INT_CONVERSION = YES;
				CLANG_WARN_NON_LITERAL_NULL_CONVERSION = YES;
				CLANG_WARN_OBJC_IMPLICIT_RETAIN_SELF = YES;
				CLANG_WARN_OBJC_LITERAL_CONVERSION = YES;
				CLANG_WARN_OBJC_ROOT_CLASS = YES_ERROR;
				CLANG_WARN_QUOTED_INCLUDE_IN_FRAMEWORK_HEADER = YES;
				CLANG_WARN_RANGE_LOOP_ANALYSIS = YES;
				CLANG_WARN_STRICT_PROTOTYPES = YES;
				CLANG_WARN_SUSPICIOUS_MOVE = YES;
				CLANG_WARN_UNGUARDED_AVAILABILITY = YES_AGGRESSIVE;
				CLANG_WARN_UNREACHABLE_CODE = YES;
				CLANG_WARN__DUPLICATE_METHOD_MATCH = YES;
				COPY_PHASE_STRIP = NO;
				DEBUG_INFORMATION_FORMAT = dwarf;
				DEVELOPMENT_TEAM = 2CW3K43SGF;
				ENABLE_STRICT_OBJC_MSGSEND = YES;
				ENABLE_TESTABILITY = YES;
				ENABLE_USER_SCRIPT_SANDBOXING = YES;
				GCC_C_LANGUAGE_STANDARD = gnu17;
				GCC_DYNAMIC_NO_PIC = NO;
				GCC_NO_COMMON_BLOCKS = YES;
				GCC_OPTIMIZATION_LEVEL = 0;
				GCC_PREPROCESSOR_DEFINITIONS = (
					"DEBUG=1",
					"$(inherited)",
				);
				GCC_WARN_64_TO_32_BIT_CONVERSION = YES;
				GCC_WARN_ABOUT_RETURN_TYPE = YES_ERROR;
				GCC_WARN_UNDECLARED_SELECTOR = YES;
				GCC_WARN_UNINITIALIZED_AUTOS = YES_AGGRESSIVE;
				GCC_WARN_UNUSED_FUNCTION = YES;
				GCC_WARN_UNUSED_VARIABLE = YES;
				LOCALIZATION_PREFERS_STRING_CATALOGS = YES;
				MTL_ENABLE_DEBUG_INFO = INCLUDE_SOURCE;
				MTL_FAST_MATH = YES;
				ONLY_ACTIVE_ARCH = YES;
				SWIFT_ACTIVE_COMPILATION_CONDITIONS = "DEBUG $(inherited)";
				SWIFT_OPTIMIZATION_LEVEL = "-Onone";
			};
			name = Debug;
		};
		F44B05E42EAB51FE009EBECA /* Release */ = {
			isa = XCBuildConfiguration;
			buildSettings = {
				ALWAYS_SEARCH_USER_PATHS = NO;
				ASSETCATALOG_COMPILER_GENERATE_SWIFT_ASSET_SYMBOL_EXTENSIONS = YES;
				CLANG_ANALYZER_NONNULL = YES;
				CLANG_ANALYZER_NUMBER_OBJECT_CONVERSION = YES_AGGRESSIVE;
				CLANG_CXX_LANGUAGE_STANDARD = "gnu++20";
				CLANG_ENABLE_MODULES = YES;
				CLANG_ENABLE_OBJC_ARC = YES;
				CLANG_ENABLE_OBJC_WEAK = YES;
				CLANG_WARN_BLOCK_CAPTURE_AUTORELEASING = YES;
				CLANG_WARN_BOOL_CONVERSION = YES;
				CLANG_WARN_COMMA = YES;
				CLANG_WARN_CONSTANT_CONVERSION = YES;
				CLANG_WARN_DEPRECATED_OBJC_IMPLEMENTATIONS = YES;
				CLANG_WARN_DIRECT_OBJC_ISA_USAGE = YES_ERROR;
				CLANG_WARN_DOCUMENTATION_COMMENTS = YES;
				CLANG_WARN_EMPTY_BODY = YES;
				CLANG_WARN_ENUM_CONVERSION = YES;
				CLANG_WARN_INFINITE_RECURSION = YES;
				CLANG_WARN_INT_CONVERSION = YES;
				CLANG_WARN_NON_LITERAL_NULL_CONVERSION = YES;
				CLANG_WARN_OBJC_IMPLICIT_RETAIN_SELF = YES;
				CLANG_WARN_OBJC_LITERAL_CONVERSION = YES;
				CLANG_WARN_OBJC_ROOT_CLASS = YES_ERROR;
				CLANG_WARN_QUOTED_INCLUDE_IN_FRAMEWORK_HEADER = YES;
				CLANG_WARN_RANGE_LOOP_ANALYSIS = YES;
				CLANG_WARN_STRICT_PROTOTYPES = YES;
				CLANG_WARN_SUSPICIOUS_MOVE = YES;
				CLANG_WARN_UNGUARDED_AVAILABILITY = YES_AGGRESSIVE;
				CLANG_WARN_UNREACHABLE_CODE = YES;
				CLANG_WARN__DUPLICATE_METHOD_MATCH = YES;
				COPY_PHASE_STRIP = NO;
				DEBUG_INFORMATION_FORMAT = "dwarf-with-dsym";
				DEVELOPMENT_TEAM = 2CW3K43SGF;
				ENABLE_NS_ASSERTIONS = NO;
				ENABLE_STRICT_OBJC_MSGSEND = YES;
				ENABLE_USER_SCRIPT_SANDBOXING = YES;
				GCC_C_LANGUAGE_STANDARD = gnu17;
				GCC_NO_COMMON_BLOCKS = YES;
				GCC_WARN_64_TO_32_BIT_CONVERSION = YES;
				GCC_WARN_ABOUT_RETURN_TYPE = YES_ERROR;
				GCC_WARN_UNDECLARED_SELECTOR = YES;
				GCC_WARN_UNINITIALIZED_AUTOS = YES_AGGRESSIVE;
				GCC_WARN_UNUSED_FUNCTION = YES;
				GCC_WARN_UNUSED_VARIABLE = YES;
				LOCALIZATION_PREFERS_STRING_CATALOGS = YES;
				MTL_ENABLE_DEBUG_INFO = NO;
				MTL_FAST_MATH = YES;
				SWIFT_COMPILATION_MODE = wholemodule;
			};
			name = Release;
		};
		F44B05E62EAB51FE009EBECA /* Debug */ = {
			isa = XCBuildConfiguration;
			buildSettings = {
				ASSETCATALOG_COMPILER_APPICON_NAME = AppIcon;
				ASSETCATALOG_COMPILER_GLOBAL_ACCENT_COLOR_NAME = AccentColor;
				CODE_SIGN_ENTITLEMENTS = ChatMeet/ChatMeet.entitlements;
				CODE_SIGN_STYLE = Automatic;
				CURRENT_PROJECT_VERSION = 1;
				DEVELOPMENT_TEAM = 2CW3K43SGF;
				ENABLE_APP_SANDBOX = YES;
				ENABLE_HARDENED_RUNTIME = YES;
				ENABLE_PREVIEWS = YES;
				ENABLE_USER_SELECTED_FILES = readonly;
				GENERATE_INFOPLIST_FILE = YES;
				INFOPLIST_KEY_NSMicrophoneUsageDescription = "ChatMeet needs access to your microphone to record and transcribe meeting audio.";
				"INFOPLIST_KEY_UIApplicationSceneManifest_Generation[sdk=iphoneos*]" = YES;
				"INFOPLIST_KEY_UIApplicationSceneManifest_Generation[sdk=iphonesimulator*]" = YES;
				"INFOPLIST_KEY_UIApplicationSupportsIndirectInputEvents[sdk=iphoneos*]" = YES;
				"INFOPLIST_KEY_UIApplicationSupportsIndirectInputEvents[sdk=iphonesimulator*]" = YES;
				"INFOPLIST_KEY_UILaunchScreen_Generation[sdk=iphoneos*]" = YES;
				"INFOPLIST_KEY_UILaunchScreen_Generation[sdk=iphonesimulator*]" = YES;
				"INFOPLIST_KEY_UIStatusBarStyle[sdk=iphoneos*]" = UIStatusBarStyleDefault;
				"INFOPLIST_KEY_UIStatusBarStyle[sdk=iphonesimulator*]" = UIStatusBarStyleDefault;
				INFOPLIST_KEY_UISupportedInterfaceOrientations_iPad = "UIInterfaceOrientationPortrait UIInterfaceOrientationPortraitUpsideDown UIInterfaceOrientationLandscapeLeft UIInterfaceOrientationLandscapeRight";
				INFOPLIST_KEY_UISupportedInterfaceOrientations_iPhone = "UIInterfaceOrientationPortrait UIInterfaceOrientationLandscapeLeft UIInterfaceOrientationLandscapeRight";
				IPHONEOS_DEPLOYMENT_TARGET = 18.1;
				LD_RUNPATH_SEARCH_PATHS = "@executable_path/Frameworks";
				"LD_RUNPATH_SEARCH_PATHS[sdk=macosx*]" = "@executable_path/../Frameworks";
				MACOSX_DEPLOYMENT_TARGET = 15.7;
				MARKETING_VERSION = 1.0;
				PRODUCT_BUNDLE_IDENTIFIER = jtu.ChatMeet;
				PRODUCT_NAME = "$(TARGET_NAME)";
				REGISTER_APP_GROUPS = YES;
				SDKROOT = auto;
				STRING_CATALOG_GENERATE_SYMBOLS = YES;
				SUPPORTED_PLATFORMS = "iphoneos iphonesimulator macosx xros xrsimulator";
				SWIFT_APPROACHABLE_CONCURRENCY = YES;
				SWIFT_DEFAULT_ACTOR_ISOLATION = MainActor;
				SWIFT_EMIT_LOC_STRINGS = YES;
				SWIFT_UPCOMING_FEATURE_MEMBER_IMPORT_VISIBILITY = YES;
				SWIFT_VERSION = 5.0;
				TARGETED_DEVICE_FAMILY = "1,2,7";
				XROS_DEPLOYMENT_TARGET = 26.0;
			};
			name = Debug;
		};
		F44B05E72EAB51FE009EBECA /* Release */ = {
			isa = XCBuildConfiguration;
			buildSettings = {
				ASSETCATALOG_COMPILER_APPICON_NAME = AppIcon;
				ASSETCATALOG_COMPILER_GLOBAL_ACCENT_COLOR_NAME = AccentColor;
				CODE_SIGN_ENTITLEMENTS = ChatMeet/ChatMeet.entitlements;
				CODE_SIGN_STYLE = Automatic;
				CURRENT_PROJECT_VERSION = 1;
				DEVELOPMENT_TEAM = 2CW3K43SGF;
				ENABLE_APP_SANDBOX = YES;
				ENABLE_HARDENED_RUNTIME = YES;
				ENABLE_PREVIEWS = YES;
				ENABLE_USER_SELECTED_FILES = readonly;
				GENERATE_INFOPLIST_FILE = YES;
				INFOPLIST_KEY_NSMicrophoneUsageDescription = "ChatMeet needs access to your microphone to record and transcribe meeting audio.";
				"INFOPLIST_KEY_UIApplicationSceneManifest_Generation[sdk=iphoneos*]" = YES;
				"INFOPLIST_KEY_UIApplicationSceneManifest_Generation[sdk=iphonesimulator*]" = YES;
				"INFOPLIST_KEY_UIApplicationSupportsIndirectInputEvents[sdk=iphoneos*]" = YES;
				"INFOPLIST_KEY_UIApplicationSupportsIndirectInputEvents[sdk=iphonesimulator*]" = YES;
				"INFOPLIST_KEY_UILaunchScreen_Generation[sdk=iphoneos*]" = YES;
				"INFOPLIST_KEY_UILaunchScreen_Generation[sdk=iphonesimulator*]" = YES;
				"INFOPLIST_KEY_UIStatusBarStyle[sdk=iphoneos*]" = UIStatusBarStyleDefault;
				"INFOPLIST_KEY_UIStatusBarStyle[sdk=iphonesimulator*]" = UIStatusBarStyleDefault;
				INFOPLIST_KEY_UISupportedInterfaceOrientations_iPad = "UIInterfaceOrientationPortrait UIInterfaceOrientationPortraitUpsideDown UIInterfaceOrientationLandscapeLeft UIInterfaceOrientationLandscapeRight";
				INFOPLIST_KEY_UISupportedInterfaceOrientations_iPhone = "UIInterfaceOrientationPortrait UIInterfaceOrientationLandscapeLeft UIInterfaceOrientationLandscapeRight";
				IPHONEOS_DEPLOYMENT_TARGET = 18.1;
				LD_RUNPATH_SEARCH_PATHS = "@executable_path/Frameworks";
				"LD_RUNPATH_SEARCH_PATHS[sdk=macosx*]" = "@executable_path/../Frameworks";
				MACOSX_DEPLOYMENT_TARGET = 15.7;
				MARKETING_VERSION = 1.0;
				PRODUCT_BUNDLE_IDENTIFIER = jtu.ChatMeet;
				PRODUCT_NAME = "$(TARGET_NAME)";
				REGISTER_APP_GROUPS = YES;
				SDKROOT = auto;
				STRING_CATALOG_GENERATE_SYMBOLS = YES;
				SUPPORTED_PLATFORMS = "iphoneos iphonesimulator macosx xros xrsimulator";
				SWIFT_APPROACHABLE_CONCURRENCY = YES;
				SWIFT_DEFAULT_ACTOR_ISOLATION = MainActor;
				SWIFT_EMIT_LOC_STRINGS = YES;
				SWIFT_UPCOMING_FEATURE_MEMBER_IMPORT_VISIBILITY = YES;
				SWIFT_VERSION = 5.0;
				TARGETED_DEVICE_FAMILY = "1,2,7";
				XROS_DEPLOYMENT_TARGET = 26.0;
			};
			name = Release;
		};
/* End XCBuildConfiguration section */

/* Begin XCConfigurationList section */
		F44B05D52EAB51FE009EBECA /* Build configuration list for PBXProject "ChatMeet" */ = {
			isa = XCConfigurationList;
			buildConfigurations = (
				F44B05E32EAB51FE009EBECA /* Debug */,
				F44B05E42EAB51FE009EBECA /* Release */,
			);
			defaultConfigurationIsVisible = 0;
			defaultConfigurationName = Release;
		};
		F44B05E52EAB51FE009EBECA /* Build configuration list for PBXNativeTarget "ChatMeet" */ = {
			isa = XCConfigurationList;
			buildConfigurations = (
				F44B05E62EAB51FE009EBECA /* Debug */,
				F44B05E72EAB51FE009EBECA /* Release */,
			);
			defaultConfigurationIsVisible = 0;
			defaultConfigurationName = Release;
		};
/* End XCConfigurationList section */

/* Begin XCRemoteSwiftPackageReference section */
		F44B06192EAB53E2009EBECA /* XCRemoteSwiftPackageReference "swift-transformers" */ = {
			isa = XCRemoteSwiftPackageReference;
			repositoryURL = "https://github.com/huggingface/swift-transformers";
			requirement = {
				kind = upToNextMajorVersion;
				minimumVersion = 1.1.1;
			};
		};
		F44B06202EAB53FA009EBECA /* XCRemoteSwiftPackageReference "Path" */ = {
			isa = XCRemoteSwiftPackageReference;
			repositoryURL = "https://github.com/mxcl/Path.swift";
			requirement = {
				kind = upToNextMajorVersion;
				minimumVersion = 1.4.1;
			};
		};
/* End XCRemoteSwiftPackageReference section */

/* Begin XCSwiftPackageProductDependency section */
		F44B061A2EAB53E2009EBECA /* Hub */ = {
			isa = XCSwiftPackageProductDependency;
			package = F44B06192EAB53E2009EBECA /* XCRemoteSwiftPackageReference "swift-transformers" */;
			productName = Hub;
		};
		F44B061C2EAB53E2009EBECA /* Tokenizers */ = {
			isa = XCSwiftPackageProductDependency;
			package = F44B06192EAB53E2009EBECA /* XCRemoteSwiftPackageReference "swift-transformers" */;
			productName = Tokenizers;
		};
		F44B061E2EAB53E2009EBECA /* Transformers */ = {
			isa = XCSwiftPackageProductDependency;
			package = F44B06192EAB53E2009EBECA /* XCRemoteSwiftPackageReference "swift-transformers" */;
			productName = Transformers;
		};
		F44B06212EAB53FA009EBECA /* Path */ = {
			isa = XCSwiftPackageProductDependency;
			package = F44B06202EAB53FA009EBECA /* XCRemoteSwiftPackageReference "Path" */;
			productName = Path;
		};
/* End XCSwiftPackageProductDependency section */
	};
	rootObject = F44B05D22EAB51FE009EBECA /* Project object */;
}
